
Microsoft Visual Studio Solution File, Format Version 12.00
# Visual Studio Version 16
VisualStudioVersion = 16.0.31005.135
MinimumVisualStudioVersion = 10.0.40219.1
Project("{9A19103F-16F7-4668-BE54-9A1E7A4F7556}") = "Ex1", "Ex1\Ex1.csproj", "{8E2422D9-C943-4828-89D6-DBD7E73A55E9}"
EndProject
Project("{9A19103F-16F7-4668-BE54-9A1E7A4F7556}") = "Ex2", "Ex2\Ex2.csproj", "{95DF441C-D54F-4A36-B10D-CAACD985D3D9}"
EndProject
Project("{9A19103F-16F7-4668-BE54-9A1E7A4F7556}") = "Ex3", "Ex3\Ex3.csproj", "{2E8B0B63-3300-4061-9668-D516058C7518}"
EndProject
Project("{9A19103F-16F7-4668-BE54-9A1E7A4F7556}") = "Ex4", "Ex4\Ex4.csproj", "{9E61369F-8EBD-4537-B471-6D9BE681809C}"
EndProject
Project("{9A19103F-16F7-4668-BE54-9A1E7A4F7556}") = "Ex5", "Ex5\Ex5.csproj", "{BD859B16-CF63-4479-BC86-90CD6897B870}"
EndProject
Project("{9A19103F-16F7-4668-BE54-9A1E7A4F7556}") = "Ex6", "Ex6\Ex6.csproj", "{624913C5-2AF5-4E1E-A1B8-3D315B0BF4AE}"
EndProject
Project("{9A19103F-16F7-4668-BE54-9A1E7A4F7556}") = "Ex7", "Ex7\Ex7.csproj", "{4171D06F-DDF2-4502-8E7F-65EF3051695D}"
EndProject
Project("{9A19103F-16F7-4668-BE54-9A1E7A4F7556}") = "Ex8", "Ex8\Ex8.csproj", "{FEFF0511-F755-4D0E-9B73-CBE826F3E7E9}"
EndProject
Project("{9A19103F-16F7-4668-BE54-9A1E7A4F7556}") = "Ex9", "Ex9\Ex9.csproj", "{99842FED-FC7E-46DD-920C-6D5532BF7F48}"
EndProject
Project("{9A19103F-16F7-4668-BE54-9A1E7A4F7556}") = "Ex10", "Ex10\Ex10.csproj", "{6417A572-B012-43C2-A8E3-17C30AE0388B}"
EndProject
Project("{9A19103F-16F7-4668-BE54-9A1E7A4F7556}") = "Ex11", "Ex11\Ex11.csproj", "{66DA41C3-2E42-40EA-BCB9-6E2A833A9AAC}"
EndProject
Project("{FAE04EC0-301F-11D3-BF4B-00C04F79EFBC}") = "Ex12", "Ex12\Ex12.csproj", "{EE7AA46E-C50D-48FC-A41E-410A5EC6B329}"
EndProject
Project("{FAE04EC0-301F-11D3-BF4B-00C04F79EFBC}") = "Ex13", "Ex13\Ex13.csproj", "{4CBB88E4-1981-473E-B341-2A4C967CAE04}"
EndProject
Global
	GlobalSection(SolutionConfigurationPlatforms) = preSolution
		Debug|Any CPU = Debug|Any CPU
		Release|Any CPU = Release|Any CPU
	EndGlobalSection
	GlobalSection(ProjectConfigurationPlatforms) = postSolution
		{8E2422D9-C943-4828-89D6-DBD7E73A55E9}.Debug|Any CPU.ActiveCfg = Debug|Any CPU
		{8E2422D9-C943-4828-89D6-DBD7E73A55E9}.Debug|Any CPU.Build.0 = Debug|Any CPU
		{8E2422D9-C943-4828-89D6-DBD7E73A55E9}.Release|Any CPU.ActiveCfg = Release|Any CPU
		{8E2422D9-C943-4828-89D6-DBD7E73A55E9}.Release|Any CPU.Build.0 = Release|Any CPU
		{95DF441C-D54F-4A36-B10D-CAACD985D3D9}.Debug|Any CPU.ActiveCfg = Debug|Any CPU
		{95DF441C-D54F-4A36-B10D-CAACD985D3D9}.Debug|Any CPU.Build.0 = Debug|Any CPU
		{95DF441C-D54F-4A36-B10D-CAACD985D3D9}.Release|Any CPU.ActiveCfg = Release|Any CPU
		{95DF441C-D54F-4A36-B10D-CAACD985D3D9}.Release|Any CPU.Build.0 = Release|Any CPU
		{2E8B0B63-3300-4061-9668-D516058C7518}.Debug|Any CPU.ActiveCfg = Debug|Any CPU
		{2E8B0B63-3300-4061-9668-D516058C7518}.Debug|Any CPU.Build.0 = Debug|Any CPU
		{2E8B0B63-3300-4061-9668-D516058C7518}.Release|Any CPU.ActiveCfg = Release|Any CPU
		{2E8B0B63-3300-4061-9668-D516058C7518}.Release|Any CPU.Build.0 = Release|Any CPU
		{9E61369F-8EBD-4537-B471-6D9BE681809C}.Debug|Any CPU.ActiveCfg = Debug|Any CPU
		{9E61369F-8EBD-4537-B471-6D9BE681809C}.Debug|Any CPU.Build.0 = Debug|Any CPU
		{9E61369F-8EBD-4537-B471-6D9BE681809C}.Release|Any CPU.ActiveCfg = Release|Any CPU
		{9E61369F-8EBD-4537-B471-6D9BE681809C}.Release|Any CPU.Build.0 = Release|Any CPU
		{BD859B16-CF63-4479-BC86-90CD6897B870}.Debug|Any CPU.ActiveCfg = Debug|Any CPU
		{BD859B16-CF63-4479-BC86-90CD6897B870}.Debug|Any CPU.Build.0 = Debug|Any CPU
		{BD859B16-CF63-4479-BC86-90CD6897B870}.Release|Any CPU.ActiveCfg = Release|Any CPU
		{BD859B16-CF63-4479-BC86-90CD6897B870}.Release|Any CPU.Build.0 = Release|Any CPU
		{624913C5-2AF5-4E1E-A1B8-3D315B0BF4AE}.Debug|Any CPU.ActiveCfg = Debug|Any CPU
		{624913C5-2AF5-4E1E-A1B8-3D315B0BF4AE}.Debug|Any CPU.Build.0 = Debug|Any CPU
		{624913C5-2AF5-4E1E-A1B8-3D315B0BF4AE}.Release|Any CPU.ActiveCfg = Release|Any CPU
		{624913C5-2AF5-4E1E-A1B8-3D315B0BF4AE}.Release|Any CPU.Build.0 = Release|Any CPU
		{4171D06F-DDF2-4502-8E7F-65EF3051695D}.Debug|Any CPU.ActiveCfg = Debug|Any CPU
		{4171D06F-DDF2-4502-8E7F-65EF3051695D}.Debug|Any CPU.Build.0 = Debug|Any CPU
		{4171D06F-DDF2-4502-8E7F-65EF3051695D}.Release|Any CPU.ActiveCfg = Release|Any CPU
		{4171D06F-DDF2-4502-8E7F-65EF3051695D}.Release|Any CPU.Build.0 = Release|Any CPU
		{FEFF0511-F755-4D0E-9B73-CBE826F3E7E9}.Debug|Any CPU.ActiveCfg = Debug|Any CPU
		{FEFF0511-F755-4D0E-9B73-CBE826F3E7E9}.Debug|Any CPU.Build.0 = Debug|Any CPU
		{FEFF0511-F755-4D0E-9B73-CBE826F3E7E9}.Release|Any CPU.ActiveCfg = Release|Any CPU
		{FEFF0511-F755-4D0E-9B73-CBE826F3E7E9}.Release|Any CPU.Build.0 = Release|Any CPU
		{99842FED-FC7E-46DD-920C-6D5532BF7F48}.Debug|Any CPU.ActiveCfg = Debug|Any CPU
		{99842FED-FC7E-46DD-920C-6D5532BF7F48}.Debug|Any CPU.Build.0 = Debug|Any CPU
		{99842FED-FC7E-46DD-920C-6D5532BF7F48}.Release|Any CPU.ActiveCfg = Release|Any CPU
		{99842FED-FC7E-46DD-920C-6D5532BF7F48}.Release|Any CPU.Build.0 = Release|Any CPU
		{6417A572-B012-43C2-A8E3-17C30AE0388B}.Debug|Any CPU.ActiveCfg = Debug|Any CPU
		{6417A572-B012-43C2-A8E3-17C30AE0388B}.Debug|Any CPU.Build.0 = Debug|Any CPU
		{6417A572-B012-43C2-A8E3-17C30AE0388B}.Release|Any CPU.ActiveCfg = Release|Any CPU
		{6417A572-B012-43C2-A8E3-17C30AE0388B}.Release|Any CPU.Build.0 = Release|Any CPU
		{66DA41C3-2E42-40EA-BCB9-6E2A833A9AAC}.Debug|Any CPU.ActiveCfg = Debug|Any CPU
		{66DA41C3-2E42-40EA-BCB9-6E2A833A9AAC}.Debug|Any CPU.Build.0 = Debug|Any CPU
		{66DA41C3-2E42-40EA-BCB9-6E2A833A9AAC}.Release|Any CPU.ActiveCfg = Release|Any CPU
		{66DA41C3-2E42-40EA-BCB9-6E2A833A9AAC}.Release|Any CPU.Build.0 = Release|Any CPU
		{EE7AA46E-C50D-48FC-A41E-410A5EC6B329}.Debug|Any CPU.ActiveCfg = Debug|Any CPU
		{EE7AA46E-C50D-48FC-A41E-410A5EC6B329}.Debug|Any CPU.Build.0 = Debug|Any CPU
		{EE7AA46E-C50D-48FC-A41E-410A5EC6B329}.Release|Any CPU.ActiveCfg = Release|Any CPU
		{EE7AA46E-C50D-48FC-A41E-410A5EC6B329}.Release|Any CPU.Build.0 = Release|Any CPU
		{4CBB88E4-1981-473E-B341-2A4C967CAE04}.Debug|Any CPU.ActiveCfg = Debug|Any CPU
		{4CBB88E4-1981-473E-B341-2A4C967CAE04}.Debug|Any CPU.Build.0 = Debug|Any CPU
		{4CBB88E4-1981-473E-B341-2A4C967CAE04}.Release|Any CPU.ActiveCfg = Release|Any CPU
		{4CBB88E4-1981-473E-B341-2A4C967CAE04}.Release|Any CPU.Build.0 = Release|Any CPU
	EndGlobalSection
	GlobalSection(SolutionProperties) = preSolution
		HideSolutionNode = FALSE
	EndGlobalSection
	GlobalSection(ExtensibilityGlobals) = postSolution
		SolutionGuid = {FDB40F69-D501-4343-A7FC-D2FB35A9FD73}
	EndGlobalSection
EndGlobal
